{
  "meteor": {},
  "dependencies": {
    "basePackages": {
      "reveal-js": {},
      "bootstrap-3": {}
    },
    "packages": {
      "reveal-js": {
        "git": "https://github.com/neo-technologies/meteor-reveal-js.git",
        "tag": "v1.0.1",
        "commit": "b4539e93ab03ddf01a9e6a35950b7a9d123b6cda"
      },
      "bootstrap-3": {
        "git": "https://github.com/mangasocial/meteor-bootstrap-3.git",
        "tag": "v3.1.1-1",
        "commit": "63dd38968828bb8963636df93e9a1c45e2dfe67e"
      }
    }
  }
}
